
Microsoft Visual Studio Solution File, Format Version 12.00
Project("{FAE04EC0-301F-11D3-BF4B-00C04F79EFBC}") = "DocumentManagementBackend.Application", "src\DocumentManagementBackend.Application\DocumentManagementBackend.Application.csproj", "{C18C5258-08E8-43D8-847A-9E8CEBD5CC8F}"
EndProject
Project("{2150E333-8FDC-42A3-9474-1A3956D46DE8}") = "src", "src", "{A559736B-75A5-48A7-A6FA-0F7AC09ABB83}"
EndProject
Project("{FAE04EC0-301F-11D3-BF4B-00C04F79EFBC}") = "DocumentManagementBackend.API", "src\DocumentManagementBackend.API\DocumentManagementBackend.API.csproj", "{82F36FCC-603E-4EF7-BFED-B07922E16CA1}"
EndProject
Project("{FAE04EC0-301F-11D3-BF4B-00C04F79EFBC}") = "DocumentManagementBackend.Domain", "src\DocumentManagementBackend.Domain\DocumentManagementBackend.Domain.csproj", "{8084B205-3C99-44A9-BA00-87828D76172B}"
EndProject
Project("{FAE04EC0-301F-11D3-BF4B-00C04F79EFBC}") = "DocumentManagementBackend.Infrastructure", "src\DocumentManagementBackend.Infrastructure\DocumentManagementBackend.Infrastructure.csproj", "{D05ED173-E620-448C-B798-1E2FAAAE5B01}"
EndProject
Project("{2150E333-8FDC-42A3-9474-1A3956D46DE8}") = "tests", "tests", "{0AB3BF05-4346-4AA6-1389-037BE0695223}"
EndProject
Project("{FAE04EC0-301F-11D3-BF4B-00C04F79EFBC}") = "DocumentManagementBackend.API.IntegrationTests", "tests\DocumentManagementBackend.API.IntegrationTests\DocumentManagementBackend.API.IntegrationTests.csproj", "{EE1C9F4D-7AD9-4B60-8A36-9DEBD90037E7}"
EndProject
Project("{FAE04EC0-301F-11D3-BF4B-00C04F79EFBC}") = "DocumentManagementBackend.Application.UnitTests", "tests\DocumentManagementBackend.Application.UnitTests\DocumentManagementBackend.Application.UnitTests.csproj", "{79AAE01E-2D10-4471-8DA7-914133C7487D}"
EndProject
Project("{FAE04EC0-301F-11D3-BF4B-00C04F79EFBC}") = "DocumentManagementBackend.Domain.UnitTests", "tests\DocumentManagementBackend.Domain.UnitTests\DocumentManagementBackend.Domain.UnitTests.csproj", "{BB1D96D7-4512-4236-B544-A559AD2F6310}"
EndProject
Project("{FAE04EC0-301F-11D3-BF4B-00C04F79EFBC}") = "DocumentManagementBackend.Infrastructure.IntegrationTests", "tests\DocumentManagementBackend.Infrastructure.IntegrationTests\DocumentManagementBackend.Infrastructure.IntegrationTests.csproj", "{CAB7F03C-5758-4344-8D10-EA1DBFEB4624}"
EndProject
Project("{FAE04EC0-301F-11D3-BF4B-00C04F79EFBC}") = "DocumentManagementBackend.API.IntegrationTests.PostgreSQL", "tests\DocumentManagementBackend.API.IntegrationTests.PostgreSQL\DocumentManagementBackend.API.IntegrationTests.PostgreSQL.csproj", "{B87495E4-DD2A-4A95-9C6E-8D7E9AAB572A}"
EndProject
Global
	GlobalSection(SolutionConfigurationPlatforms) = preSolution
		Debug|Any CPU = Debug|Any CPU
		Debug|x64 = Debug|x64
		Debug|x86 = Debug|x86
		Release|Any CPU = Release|Any CPU
		Release|x64 = Release|x64
		Release|x86 = Release|x86
	EndGlobalSection
	GlobalSection(ProjectConfigurationPlatforms) = postSolution
		{C18C5258-08E8-43D8-847A-9E8CEBD5CC8F}.Debug|Any CPU.ActiveCfg = Debug|Any CPU
		{C18C5258-08E8-43D8-847A-9E8CEBD5CC8F}.Debug|Any CPU.Build.0 = Debug|Any CPU
		{C18C5258-08E8-43D8-847A-9E8CEBD5CC8F}.Debug|x64.ActiveCfg = Debug|Any CPU
		{C18C5258-08E8-43D8-847A-9E8CEBD5CC8F}.Debug|x64.Build.0 = Debug|Any CPU
		{C18C5258-08E8-43D8-847A-9E8CEBD5CC8F}.Debug|x86.ActiveCfg = Debug|Any CPU
		{C18C5258-08E8-43D8-847A-9E8CEBD5CC8F}.Debug|x86.Build.0 = Debug|Any CPU
		{C18C5258-08E8-43D8-847A-9E8CEBD5CC8F}.Release|Any CPU.ActiveCfg = Release|Any CPU
		{C18C5258-08E8-43D8-847A-9E8CEBD5CC8F}.Release|Any CPU.Build.0 = Release|Any CPU
		{C18C5258-08E8-43D8-847A-9E8CEBD5CC8F}.Release|x64.ActiveCfg = Release|Any CPU
		{C18C5258-08E8-43D8-847A-9E8CEBD5CC8F}.Release|x64.Build.0 = Release|Any CPU
		{C18C5258-08E8-43D8-847A-9E8CEBD5CC8F}.Release|x86.ActiveCfg = Release|Any CPU
		{C18C5258-08E8-43D8-847A-9E8CEBD5CC8F}.Release|x86.Build.0 = Release|Any CPU
		{82F36FCC-603E-4EF7-BFED-B07922E16CA1}.Debug|Any CPU.ActiveCfg = Debug|Any CPU
		{82F36FCC-603E-4EF7-BFED-B07922E16CA1}.Debug|Any CPU.Build.0 = Debug|Any CPU
		{82F36FCC-603E-4EF7-BFED-B07922E16CA1}.Debug|x64.ActiveCfg = Debug|Any CPU
		{82F36FCC-603E-4EF7-BFED-B07922E16CA1}.Debug|x64.Build.0 = Debug|Any CPU
		{82F36FCC-603E-4EF7-BFED-B07922E16CA1}.Debug|x86.ActiveCfg = Debug|Any CPU
		{82F36FCC-603E-4EF7-BFED-B07922E16CA1}.Debug|x86.Build.0 = Debug|Any CPU
		{82F36FCC-603E-4EF7-BFED-B07922E16CA1}.Release|Any CPU.ActiveCfg = Release|Any CPU
		{82F36FCC-603E-4EF7-BFED-B07922E16CA1}.Release|Any CPU.Build.0 = Release|Any CPU
		{82F36FCC-603E-4EF7-BFED-B07922E16CA1}.Release|x64.ActiveCfg = Release|Any CPU
		{82F36FCC-603E-4EF7-BFED-B07922E16CA1}.Release|x64.Build.0 = Release|Any CPU
		{82F36FCC-603E-4EF7-BFED-B07922E16CA1}.Release|x86.ActiveCfg = Release|Any CPU
		{82F36FCC-603E-4EF7-BFED-B07922E16CA1}.Release|x86.Build.0 = Release|Any CPU
		{8084B205-3C99-44A9-BA00-87828D76172B}.Debug|Any CPU.ActiveCfg = Debug|Any CPU
		{8084B205-3C99-44A9-BA00-87828D76172B}.Debug|Any CPU.Build.0 = Debug|Any CPU
		{8084B205-3C99-44A9-BA00-87828D76172B}.Debug|x64.ActiveCfg = Debug|Any CPU
		{8084B205-3C99-44A9-BA00-87828D76172B}.Debug|x64.Build.0 = Debug|Any CPU
		{8084B205-3C99-44A9-BA00-87828D76172B}.Debug|x86.ActiveCfg = Debug|Any CPU
		{8084B205-3C99-44A9-BA00-87828D76172B}.Debug|x86.Build.0 = Debug|Any CPU
		{8084B205-3C99-44A9-BA00-87828D76172B}.Release|Any CPU.ActiveCfg = Release|Any CPU
		{8084B205-3C99-44A9-BA00-87828D76172B}.Release|Any CPU.Build.0 = Release|Any CPU
		{8084B205-3C99-44A9-BA00-87828D76172B}.Release|x64.ActiveCfg = Release|Any CPU
		{8084B205-3C99-44A9-BA00-87828D76172B}.Release|x64.Build.0 = Release|Any CPU
		{8084B205-3C99-44A9-BA00-87828D76172B}.Release|x86.ActiveCfg = Release|Any CPU
		{8084B205-3C99-44A9-BA00-87828D76172B}.Release|x86.Build.0 = Release|Any CPU
		{D05ED173-E620-448C-B798-1E2FAAAE5B01}.Debug|Any CPU.ActiveCfg = Debug|Any CPU
		{D05ED173-E620-448C-B798-1E2FAAAE5B01}.Debug|Any CPU.Build.0 = Debug|Any CPU
		{D05ED173-E620-448C-B798-1E2FAAAE5B01}.Debug|x64.ActiveCfg = Debug|Any CPU
		{D05ED173-E620-448C-B798-1E2FAAAE5B01}.Debug|x64.Build.0 = Debug|Any CPU
		{D05ED173-E620-448C-B798-1E2FAAAE5B01}.Debug|x86.ActiveCfg = Debug|Any CPU
		{D05ED173-E620-448C-B798-1E2FAAAE5B01}.Debug|x86.Build.0 = Debug|Any CPU
		{D05ED173-E620-448C-B798-1E2FAAAE5B01}.Release|Any CPU.ActiveCfg = Release|Any CPU
		{D05ED173-E620-448C-B798-1E2FAAAE5B01}.Release|Any CPU.Build.0 = Release|Any CPU
		{D05ED173-E620-448C-B798-1E2FAAAE5B01}.Release|x64.ActiveCfg = Release|Any CPU
		{D05ED173-E620-448C-B798-1E2FAAAE5B01}.Release|x64.Build.0 = Release|Any CPU
		{D05ED173-E620-448C-B798-1E2FAAAE5B01}.Release|x86.ActiveCfg = Release|Any CPU
		{D05ED173-E620-448C-B798-1E2FAAAE5B01}.Release|x86.Build.0 = Release|Any CPU
		{EE1C9F4D-7AD9-4B60-8A36-9DEBD90037E7}.Debug|Any CPU.ActiveCfg = Debug|Any CPU
		{EE1C9F4D-7AD9-4B60-8A36-9DEBD90037E7}.Debug|Any CPU.Build.0 = Debug|Any CPU
		{EE1C9F4D-7AD9-4B60-8A36-9DEBD90037E7}.Debug|x64.ActiveCfg = Debug|Any CPU
		{EE1C9F4D-7AD9-4B60-8A36-9DEBD90037E7}.Debug|x64.Build.0 = Debug|Any CPU
		{EE1C9F4D-7AD9-4B60-8A36-9DEBD90037E7}.Debug|x86.ActiveCfg = Debug|Any CPU
		{EE1C9F4D-7AD9-4B60-8A36-9DEBD90037E7}.Debug|x86.Build.0 = Debug|Any CPU
		{EE1C9F4D-7AD9-4B60-8A36-9DEBD90037E7}.Release|Any CPU.ActiveCfg = Release|Any CPU
		{EE1C9F4D-7AD9-4B60-8A36-9DEBD90037E7}.Release|Any CPU.Build.0 = Release|Any CPU
		{EE1C9F4D-7AD9-4B60-8A36-9DEBD90037E7}.Release|x64.ActiveCfg = Release|Any CPU
		{EE1C9F4D-7AD9-4B60-8A36-9DEBD90037E7}.Release|x64.Build.0 = Release|Any CPU
		{EE1C9F4D-7AD9-4B60-8A36-9DEBD90037E7}.Release|x86.ActiveCfg = Release|Any CPU
		{EE1C9F4D-7AD9-4B60-8A36-9DEBD90037E7}.Release|x86.Build.0 = Release|Any CPU
		{79AAE01E-2D10-4471-8DA7-914133C7487D}.Debug|Any CPU.ActiveCfg = Debug|Any CPU
		{79AAE01E-2D10-4471-8DA7-914133C7487D}.Debug|Any CPU.Build.0 = Debug|Any CPU
		{79AAE01E-2D10-4471-8DA7-914133C7487D}.Debug|x64.ActiveCfg = Debug|Any CPU
		{79AAE01E-2D10-4471-8DA7-914133C7487D}.Debug|x64.Build.0 = Debug|Any CPU
		{79AAE01E-2D10-4471-8DA7-914133C7487D}.Debug|x86.ActiveCfg = Debug|Any CPU
		{79AAE01E-2D10-4471-8DA7-914133C7487D}.Debug|x86.Build.0 = Debug|Any CPU
		{79AAE01E-2D10-4471-8DA7-914133C7487D}.Release|Any CPU.ActiveCfg = Release|Any CPU
		{79AAE01E-2D10-4471-8DA7-914133C7487D}.Release|Any CPU.Build.0 = Release|Any CPU
		{79AAE01E-2D10-4471-8DA7-914133C7487D}.Release|x64.ActiveCfg = Release|Any CPU
		{79AAE01E-2D10-4471-8DA7-914133C7487D}.Release|x64.Build.0 = Release|Any CPU
		{79AAE01E-2D10-4471-8DA7-914133C7487D}.Release|x86.ActiveCfg = Release|Any CPU
		{79AAE01E-2D10-4471-8DA7-914133C7487D}.Release|x86.Build.0 = Release|Any CPU
		{BB1D96D7-4512-4236-B544-A559AD2F6310}.Debug|Any CPU.ActiveCfg = Debug|Any CPU
		{BB1D96D7-4512-4236-B544-A559AD2F6310}.Debug|Any CPU.Build.0 = Debug|Any CPU
		{BB1D96D7-4512-4236-B544-A559AD2F6310}.Debug|x64.ActiveCfg = Debug|Any CPU
		{BB1D96D7-4512-4236-B544-A559AD2F6310}.Debug|x64.Build.0 = Debug|Any CPU
		{BB1D96D7-4512-4236-B544-A559AD2F6310}.Debug|x86.ActiveCfg = Debug|Any CPU
		{BB1D96D7-4512-4236-B544-A559AD2F6310}.Debug|x86.Build.0 = Debug|Any CPU
		{BB1D96D7-4512-4236-B544-A559AD2F6310}.Release|Any CPU.ActiveCfg = Release|Any CPU
		{BB1D96D7-4512-4236-B544-A559AD2F6310}.Release|Any CPU.Build.0 = Release|Any CPU
		{BB1D96D7-4512-4236-B544-A559AD2F6310}.Release|x64.ActiveCfg = Release|Any CPU
		{BB1D96D7-4512-4236-B544-A559AD2F6310}.Release|x64.Build.0 = Release|Any CPU
		{BB1D96D7-4512-4236-B544-A559AD2F6310}.Release|x86.ActiveCfg = Release|Any CPU
		{BB1D96D7-4512-4236-B544-A559AD2F6310}.Release|x86.Build.0 = Release|Any CPU
		{CAB7F03C-5758-4344-8D10-EA1DBFEB4624}.Debug|Any CPU.ActiveCfg = Debug|Any CPU
		{CAB7F03C-5758-4344-8D10-EA1DBFEB4624}.Debug|Any CPU.Build.0 = Debug|Any CPU
		{CAB7F03C-5758-4344-8D10-EA1DBFEB4624}.Debug|x64.ActiveCfg = Debug|Any CPU
		{CAB7F03C-5758-4344-8D10-EA1DBFEB4624}.Debug|x64.Build.0 = Debug|Any CPU
		{CAB7F03C-5758-4344-8D10-EA1DBFEB4624}.Debug|x86.ActiveCfg = Debug|Any CPU
		{CAB7F03C-5758-4344-8D10-EA1DBFEB4624}.Debug|x86.Build.0 = Debug|Any CPU
		{CAB7F03C-5758-4344-8D10-EA1DBFEB4624}.Release|Any CPU.ActiveCfg = Release|Any CPU
		{CAB7F03C-5758-4344-8D10-EA1DBFEB4624}.Release|Any CPU.Build.0 = Release|Any CPU
		{CAB7F03C-5758-4344-8D10-EA1DBFEB4624}.Release|x64.ActiveCfg = Release|Any CPU
		{CAB7F03C-5758-4344-8D10-EA1DBFEB4624}.Release|x64.Build.0 = Release|Any CPU
		{CAB7F03C-5758-4344-8D10-EA1DBFEB4624}.Release|x86.ActiveCfg = Release|Any CPU
		{CAB7F03C-5758-4344-8D10-EA1DBFEB4624}.Release|x86.Build.0 = Release|Any CPU
		{B87495E4-DD2A-4A95-9C6E-8D7E9AAB572A}.Debug|Any CPU.ActiveCfg = Debug|Any CPU
		{B87495E4-DD2A-4A95-9C6E-8D7E9AAB572A}.Debug|Any CPU.Build.0 = Debug|Any CPU
		{B87495E4-DD2A-4A95-9C6E-8D7E9AAB572A}.Debug|x64.ActiveCfg = Debug|Any CPU
		{B87495E4-DD2A-4A95-9C6E-8D7E9AAB572A}.Debug|x64.Build.0 = Debug|Any CPU
		{B87495E4-DD2A-4A95-9C6E-8D7E9AAB572A}.Debug|x86.ActiveCfg = Debug|Any CPU
		{B87495E4-DD2A-4A95-9C6E-8D7E9AAB572A}.Debug|x86.Build.0 = Debug|Any CPU
		{B87495E4-DD2A-4A95-9C6E-8D7E9AAB572A}.Release|Any CPU.ActiveCfg = Release|Any CPU
		{B87495E4-DD2A-4A95-9C6E-8D7E9AAB572A}.Release|Any CPU.Build.0 = Release|Any CPU
		{B87495E4-DD2A-4A95-9C6E-8D7E9AAB572A}.Release|x64.ActiveCfg = Release|Any CPU
		{B87495E4-DD2A-4A95-9C6E-8D7E9AAB572A}.Release|x64.Build.0 = Release|Any CPU
		{B87495E4-DD2A-4A95-9C6E-8D7E9AAB572A}.Release|x86.ActiveCfg = Release|Any CPU
		{B87495E4-DD2A-4A95-9C6E-8D7E9AAB572A}.Release|x86.Build.0 = Release|Any CPU
	EndGlobalSection
	GlobalSection(SolutionProperties) = preSolution
		HideSolutionNode = FALSE
	EndGlobalSection
	GlobalSection(NestedProjects) = preSolution
		{C18C5258-08E8-43D8-847A-9E8CEBD5CC8F} = {A559736B-75A5-48A7-A6FA-0F7AC09ABB83}
		{82F36FCC-603E-4EF7-BFED-B07922E16CA1} = {A559736B-75A5-48A7-A6FA-0F7AC09ABB83}
		{8084B205-3C99-44A9-BA00-87828D76172B} = {A559736B-75A5-48A7-A6FA-0F7AC09ABB83}
		{D05ED173-E620-448C-B798-1E2FAAAE5B01} = {A559736B-75A5-48A7-A6FA-0F7AC09ABB83}
		{EE1C9F4D-7AD9-4B60-8A36-9DEBD90037E7} = {0AB3BF05-4346-4AA6-1389-037BE0695223}
		{79AAE01E-2D10-4471-8DA7-914133C7487D} = {0AB3BF05-4346-4AA6-1389-037BE0695223}
		{BB1D96D7-4512-4236-B544-A559AD2F6310} = {0AB3BF05-4346-4AA6-1389-037BE0695223}
		{CAB7F03C-5758-4344-8D10-EA1DBFEB4624} = {0AB3BF05-4346-4AA6-1389-037BE0695223}
		{B87495E4-DD2A-4A95-9C6E-8D7E9AAB572A} = {0AB3BF05-4346-4AA6-1389-037BE0695223}
	EndGlobalSection
EndGlobal
