
Microsoft Visual Studio Solution File, Format Version 12.00
Project("{FAE04EC0-301F-11D3-BF4B-00C04F79EFBC}") = "DocumentManagementBackend", "DocumentManagementBackend\DocumentManagementBackend.csproj", "{BE0FD36D-5D02-441F-9575-4CAF8B480298}"
EndProject
Project("{FAE04EC0-301F-11D3-BF4B-00C04F79EFBC}") = "DocumentManagementBackend.Application", "src\DocumentManagementBackend.Application\DocumentManagementBackend.Application.csproj", "{C18C5258-08E8-43D8-847A-9E8CEBD5CC8F}"
EndProject
Project("{2150E333-8FDC-42A3-9474-1A3956D46DE8}") = "tests", "tests", "{944E21A8-4D12-40A3-97A6-AD875836A7EA}"
EndProject
Project("{2150E333-8FDC-42A3-9474-1A3956D46DE8}") = "src", "src", "{A559736B-75A5-48A7-A6FA-0F7AC09ABB83}"
EndProject
Project("{FAE04EC0-301F-11D3-BF4B-00C04F79EFBC}") = "DocumentManagementBackend.Infrastructure.IntegrationTests", "DocumentManagementBackend.Infrastructure.IntegrationTests\DocumentManagementBackend.Infrastructure.IntegrationTests.csproj", "{F3FB9824-7E6B-4978-AC82-ADD6A495EC37}"
EndProject
Project("{FAE04EC0-301F-11D3-BF4B-00C04F79EFBC}") = "DocumentManagementBackend.API.IntegrationTests", "DocumentManagementBackend.API.IntegrationTests\DocumentManagementBackend.API.IntegrationTests.csproj", "{6C226F60-B026-433A-99B5-A585276FF348}"
EndProject
Project("{FAE04EC0-301F-11D3-BF4B-00C04F79EFBC}") = "DocumentManagementBackend.API", "src\DocumentManagementBackend.API\DocumentManagementBackend.API.csproj", "{82F36FCC-603E-4EF7-BFED-B07922E16CA1}"
EndProject
Project("{FAE04EC0-301F-11D3-BF4B-00C04F79EFBC}") = "DocumentManagementBackend.Domain.UnitTests", "DocumentManagementBackend.Domain.UnitTests\DocumentManagementBackend.Domain.UnitTests.csproj", "{BB35699F-CE23-48A9-91A4-49E87C0B012E}"
EndProject
Project("{FAE04EC0-301F-11D3-BF4B-00C04F79EFBC}") = "DocumentManagementBackend.Application.UnitTests", "DocumentManagementBackend.Application.UnitTests\DocumentManagementBackend.Application.UnitTests.csproj", "{1BBBFE46-C76E-4B0D-A48A-69209151AA28}"
EndProject
Project("{FAE04EC0-301F-11D3-BF4B-00C04F79EFBC}") = "DocumentManagementBackend.Domain", "src\DocumentManagementBackend.Domain\DocumentManagementBackend.Domain.csproj", "{8084B205-3C99-44A9-BA00-87828D76172B}"
EndProject
Project("{FAE04EC0-301F-11D3-BF4B-00C04F79EFBC}") = "DocumentManagementBackend.Infrastructure", "src\DocumentManagementBackend.Infrastructure\DocumentManagementBackend.Infrastructure.csproj", "{D05ED173-E620-448C-B798-1E2FAAAE5B01}"
EndProject
Global
	GlobalSection(SolutionConfigurationPlatforms) = preSolution
		Debug|Any CPU = Debug|Any CPU
		Debug|x64 = Debug|x64
		Debug|x86 = Debug|x86
		Release|Any CPU = Release|Any CPU
		Release|x64 = Release|x64
		Release|x86 = Release|x86
	EndGlobalSection
	GlobalSection(ProjectConfigurationPlatforms) = postSolution
		{BE0FD36D-5D02-441F-9575-4CAF8B480298}.Debug|Any CPU.ActiveCfg = Debug|Any CPU
		{BE0FD36D-5D02-441F-9575-4CAF8B480298}.Debug|Any CPU.Build.0 = Debug|Any CPU
		{BE0FD36D-5D02-441F-9575-4CAF8B480298}.Debug|x64.ActiveCfg = Debug|Any CPU
		{BE0FD36D-5D02-441F-9575-4CAF8B480298}.Debug|x64.Build.0 = Debug|Any CPU
		{BE0FD36D-5D02-441F-9575-4CAF8B480298}.Debug|x86.ActiveCfg = Debug|Any CPU
		{BE0FD36D-5D02-441F-9575-4CAF8B480298}.Debug|x86.Build.0 = Debug|Any CPU
		{BE0FD36D-5D02-441F-9575-4CAF8B480298}.Release|Any CPU.ActiveCfg = Release|Any CPU
		{BE0FD36D-5D02-441F-9575-4CAF8B480298}.Release|Any CPU.Build.0 = Release|Any CPU
		{BE0FD36D-5D02-441F-9575-4CAF8B480298}.Release|x64.ActiveCfg = Release|Any CPU
		{BE0FD36D-5D02-441F-9575-4CAF8B480298}.Release|x64.Build.0 = Release|Any CPU
		{BE0FD36D-5D02-441F-9575-4CAF8B480298}.Release|x86.ActiveCfg = Release|Any CPU
		{BE0FD36D-5D02-441F-9575-4CAF8B480298}.Release|x86.Build.0 = Release|Any CPU
		{C18C5258-08E8-43D8-847A-9E8CEBD5CC8F}.Debug|Any CPU.ActiveCfg = Debug|Any CPU
		{C18C5258-08E8-43D8-847A-9E8CEBD5CC8F}.Debug|Any CPU.Build.0 = Debug|Any CPU
		{C18C5258-08E8-43D8-847A-9E8CEBD5CC8F}.Debug|x64.ActiveCfg = Debug|Any CPU
		{C18C5258-08E8-43D8-847A-9E8CEBD5CC8F}.Debug|x64.Build.0 = Debug|Any CPU
		{C18C5258-08E8-43D8-847A-9E8CEBD5CC8F}.Debug|x86.ActiveCfg = Debug|Any CPU
		{C18C5258-08E8-43D8-847A-9E8CEBD5CC8F}.Debug|x86.Build.0 = Debug|Any CPU
		{C18C5258-08E8-43D8-847A-9E8CEBD5CC8F}.Release|Any CPU.ActiveCfg = Release|Any CPU
		{C18C5258-08E8-43D8-847A-9E8CEBD5CC8F}.Release|Any CPU.Build.0 = Release|Any CPU
		{C18C5258-08E8-43D8-847A-9E8CEBD5CC8F}.Release|x64.ActiveCfg = Release|Any CPU
		{C18C5258-08E8-43D8-847A-9E8CEBD5CC8F}.Release|x64.Build.0 = Release|Any CPU
		{C18C5258-08E8-43D8-847A-9E8CEBD5CC8F}.Release|x86.ActiveCfg = Release|Any CPU
		{C18C5258-08E8-43D8-847A-9E8CEBD5CC8F}.Release|x86.Build.0 = Release|Any CPU
		{F3FB9824-7E6B-4978-AC82-ADD6A495EC37}.Debug|Any CPU.ActiveCfg = Debug|Any CPU
		{F3FB9824-7E6B-4978-AC82-ADD6A495EC37}.Debug|Any CPU.Build.0 = Debug|Any CPU
		{F3FB9824-7E6B-4978-AC82-ADD6A495EC37}.Debug|x64.ActiveCfg = Debug|Any CPU
		{F3FB9824-7E6B-4978-AC82-ADD6A495EC37}.Debug|x64.Build.0 = Debug|Any CPU
		{F3FB9824-7E6B-4978-AC82-ADD6A495EC37}.Debug|x86.ActiveCfg = Debug|Any CPU
		{F3FB9824-7E6B-4978-AC82-ADD6A495EC37}.Debug|x86.Build.0 = Debug|Any CPU
		{F3FB9824-7E6B-4978-AC82-ADD6A495EC37}.Release|Any CPU.ActiveCfg = Release|Any CPU
		{F3FB9824-7E6B-4978-AC82-ADD6A495EC37}.Release|Any CPU.Build.0 = Release|Any CPU
		{F3FB9824-7E6B-4978-AC82-ADD6A495EC37}.Release|x64.ActiveCfg = Release|Any CPU
		{F3FB9824-7E6B-4978-AC82-ADD6A495EC37}.Release|x64.Build.0 = Release|Any CPU
		{F3FB9824-7E6B-4978-AC82-ADD6A495EC37}.Release|x86.ActiveCfg = Release|Any CPU
		{F3FB9824-7E6B-4978-AC82-ADD6A495EC37}.Release|x86.Build.0 = Release|Any CPU
		{6C226F60-B026-433A-99B5-A585276FF348}.Debug|Any CPU.ActiveCfg = Debug|Any CPU
		{6C226F60-B026-433A-99B5-A585276FF348}.Debug|Any CPU.Build.0 = Debug|Any CPU
		{6C226F60-B026-433A-99B5-A585276FF348}.Debug|x64.ActiveCfg = Debug|Any CPU
		{6C226F60-B026-433A-99B5-A585276FF348}.Debug|x64.Build.0 = Debug|Any CPU
		{6C226F60-B026-433A-99B5-A585276FF348}.Debug|x86.ActiveCfg = Debug|Any CPU
		{6C226F60-B026-433A-99B5-A585276FF348}.Debug|x86.Build.0 = Debug|Any CPU
		{6C226F60-B026-433A-99B5-A585276FF348}.Release|Any CPU.ActiveCfg = Release|Any CPU
		{6C226F60-B026-433A-99B5-A585276FF348}.Release|Any CPU.Build.0 = Release|Any CPU
		{6C226F60-B026-433A-99B5-A585276FF348}.Release|x64.ActiveCfg = Release|Any CPU
		{6C226F60-B026-433A-99B5-A585276FF348}.Release|x64.Build.0 = Release|Any CPU
		{6C226F60-B026-433A-99B5-A585276FF348}.Release|x86.ActiveCfg = Release|Any CPU
		{6C226F60-B026-433A-99B5-A585276FF348}.Release|x86.Build.0 = Release|Any CPU
		{82F36FCC-603E-4EF7-BFED-B07922E16CA1}.Debug|Any CPU.ActiveCfg = Debug|Any CPU
		{82F36FCC-603E-4EF7-BFED-B07922E16CA1}.Debug|Any CPU.Build.0 = Debug|Any CPU
		{82F36FCC-603E-4EF7-BFED-B07922E16CA1}.Debug|x64.ActiveCfg = Debug|Any CPU
		{82F36FCC-603E-4EF7-BFED-B07922E16CA1}.Debug|x64.Build.0 = Debug|Any CPU
		{82F36FCC-603E-4EF7-BFED-B07922E16CA1}.Debug|x86.ActiveCfg = Debug|Any CPU
		{82F36FCC-603E-4EF7-BFED-B07922E16CA1}.Debug|x86.Build.0 = Debug|Any CPU
		{82F36FCC-603E-4EF7-BFED-B07922E16CA1}.Release|Any CPU.ActiveCfg = Release|Any CPU
		{82F36FCC-603E-4EF7-BFED-B07922E16CA1}.Release|Any CPU.Build.0 = Release|Any CPU
		{82F36FCC-603E-4EF7-BFED-B07922E16CA1}.Release|x64.ActiveCfg = Release|Any CPU
		{82F36FCC-603E-4EF7-BFED-B07922E16CA1}.Release|x64.Build.0 = Release|Any CPU
		{82F36FCC-603E-4EF7-BFED-B07922E16CA1}.Release|x86.ActiveCfg = Release|Any CPU
		{82F36FCC-603E-4EF7-BFED-B07922E16CA1}.Release|x86.Build.0 = Release|Any CPU
		{BB35699F-CE23-48A9-91A4-49E87C0B012E}.Debug|Any CPU.ActiveCfg = Debug|Any CPU
		{BB35699F-CE23-48A9-91A4-49E87C0B012E}.Debug|Any CPU.Build.0 = Debug|Any CPU
		{BB35699F-CE23-48A9-91A4-49E87C0B012E}.Debug|x64.ActiveCfg = Debug|Any CPU
		{BB35699F-CE23-48A9-91A4-49E87C0B012E}.Debug|x64.Build.0 = Debug|Any CPU
		{BB35699F-CE23-48A9-91A4-49E87C0B012E}.Debug|x86.ActiveCfg = Debug|Any CPU
		{BB35699F-CE23-48A9-91A4-49E87C0B012E}.Debug|x86.Build.0 = Debug|Any CPU
		{BB35699F-CE23-48A9-91A4-49E87C0B012E}.Release|Any CPU.ActiveCfg = Release|Any CPU
		{BB35699F-CE23-48A9-91A4-49E87C0B012E}.Release|Any CPU.Build.0 = Release|Any CPU
		{BB35699F-CE23-48A9-91A4-49E87C0B012E}.Release|x64.ActiveCfg = Release|Any CPU
		{BB35699F-CE23-48A9-91A4-49E87C0B012E}.Release|x64.Build.0 = Release|Any CPU
		{BB35699F-CE23-48A9-91A4-49E87C0B012E}.Release|x86.ActiveCfg = Release|Any CPU
		{BB35699F-CE23-48A9-91A4-49E87C0B012E}.Release|x86.Build.0 = Release|Any CPU
		{1BBBFE46-C76E-4B0D-A48A-69209151AA28}.Debug|Any CPU.ActiveCfg = Debug|Any CPU
		{1BBBFE46-C76E-4B0D-A48A-69209151AA28}.Debug|Any CPU.Build.0 = Debug|Any CPU
		{1BBBFE46-C76E-4B0D-A48A-69209151AA28}.Debug|x64.ActiveCfg = Debug|Any CPU
		{1BBBFE46-C76E-4B0D-A48A-69209151AA28}.Debug|x64.Build.0 = Debug|Any CPU
		{1BBBFE46-C76E-4B0D-A48A-69209151AA28}.Debug|x86.ActiveCfg = Debug|Any CPU
		{1BBBFE46-C76E-4B0D-A48A-69209151AA28}.Debug|x86.Build.0 = Debug|Any CPU
		{1BBBFE46-C76E-4B0D-A48A-69209151AA28}.Release|Any CPU.ActiveCfg = Release|Any CPU
		{1BBBFE46-C76E-4B0D-A48A-69209151AA28}.Release|Any CPU.Build.0 = Release|Any CPU
		{1BBBFE46-C76E-4B0D-A48A-69209151AA28}.Release|x64.ActiveCfg = Release|Any CPU
		{1BBBFE46-C76E-4B0D-A48A-69209151AA28}.Release|x64.Build.0 = Release|Any CPU
		{1BBBFE46-C76E-4B0D-A48A-69209151AA28}.Release|x86.ActiveCfg = Release|Any CPU
		{1BBBFE46-C76E-4B0D-A48A-69209151AA28}.Release|x86.Build.0 = Release|Any CPU
		{8084B205-3C99-44A9-BA00-87828D76172B}.Debug|Any CPU.ActiveCfg = Debug|Any CPU
		{8084B205-3C99-44A9-BA00-87828D76172B}.Debug|Any CPU.Build.0 = Debug|Any CPU
		{8084B205-3C99-44A9-BA00-87828D76172B}.Debug|x64.ActiveCfg = Debug|Any CPU
		{8084B205-3C99-44A9-BA00-87828D76172B}.Debug|x64.Build.0 = Debug|Any CPU
		{8084B205-3C99-44A9-BA00-87828D76172B}.Debug|x86.ActiveCfg = Debug|Any CPU
		{8084B205-3C99-44A9-BA00-87828D76172B}.Debug|x86.Build.0 = Debug|Any CPU
		{8084B205-3C99-44A9-BA00-87828D76172B}.Release|Any CPU.ActiveCfg = Release|Any CPU
		{8084B205-3C99-44A9-BA00-87828D76172B}.Release|Any CPU.Build.0 = Release|Any CPU
		{8084B205-3C99-44A9-BA00-87828D76172B}.Release|x64.ActiveCfg = Release|Any CPU
		{8084B205-3C99-44A9-BA00-87828D76172B}.Release|x64.Build.0 = Release|Any CPU
		{8084B205-3C99-44A9-BA00-87828D76172B}.Release|x86.ActiveCfg = Release|Any CPU
		{8084B205-3C99-44A9-BA00-87828D76172B}.Release|x86.Build.0 = Release|Any CPU
		{D05ED173-E620-448C-B798-1E2FAAAE5B01}.Debug|Any CPU.ActiveCfg = Debug|Any CPU
		{D05ED173-E620-448C-B798-1E2FAAAE5B01}.Debug|Any CPU.Build.0 = Debug|Any CPU
		{D05ED173-E620-448C-B798-1E2FAAAE5B01}.Debug|x64.ActiveCfg = Debug|Any CPU
		{D05ED173-E620-448C-B798-1E2FAAAE5B01}.Debug|x64.Build.0 = Debug|Any CPU
		{D05ED173-E620-448C-B798-1E2FAAAE5B01}.Debug|x86.ActiveCfg = Debug|Any CPU
		{D05ED173-E620-448C-B798-1E2FAAAE5B01}.Debug|x86.Build.0 = Debug|Any CPU
		{D05ED173-E620-448C-B798-1E2FAAAE5B01}.Release|Any CPU.ActiveCfg = Release|Any CPU
		{D05ED173-E620-448C-B798-1E2FAAAE5B01}.Release|Any CPU.Build.0 = Release|Any CPU
		{D05ED173-E620-448C-B798-1E2FAAAE5B01}.Release|x64.ActiveCfg = Release|Any CPU
		{D05ED173-E620-448C-B798-1E2FAAAE5B01}.Release|x64.Build.0 = Release|Any CPU
		{D05ED173-E620-448C-B798-1E2FAAAE5B01}.Release|x86.ActiveCfg = Release|Any CPU
		{D05ED173-E620-448C-B798-1E2FAAAE5B01}.Release|x86.Build.0 = Release|Any CPU
	EndGlobalSection
	GlobalSection(SolutionProperties) = preSolution
		HideSolutionNode = FALSE
	EndGlobalSection
	GlobalSection(NestedProjects) = preSolution
		{C18C5258-08E8-43D8-847A-9E8CEBD5CC8F} = {A559736B-75A5-48A7-A6FA-0F7AC09ABB83}
		{F3FB9824-7E6B-4978-AC82-ADD6A495EC37} = {944E21A8-4D12-40A3-97A6-AD875836A7EA}
		{6C226F60-B026-433A-99B5-A585276FF348} = {944E21A8-4D12-40A3-97A6-AD875836A7EA}
		{82F36FCC-603E-4EF7-BFED-B07922E16CA1} = {A559736B-75A5-48A7-A6FA-0F7AC09ABB83}
		{BB35699F-CE23-48A9-91A4-49E87C0B012E} = {944E21A8-4D12-40A3-97A6-AD875836A7EA}
		{1BBBFE46-C76E-4B0D-A48A-69209151AA28} = {944E21A8-4D12-40A3-97A6-AD875836A7EA}
		{8084B205-3C99-44A9-BA00-87828D76172B} = {A559736B-75A5-48A7-A6FA-0F7AC09ABB83}
		{D05ED173-E620-448C-B798-1E2FAAAE5B01} = {A559736B-75A5-48A7-A6FA-0F7AC09ABB83}
	EndGlobalSection
EndGlobal
